
Microsoft Visual Studio Solution File, Format Version 12.00
# Visual Studio Version 17
VisualStudioVersion = 17.3.32929.385
MinimumVisualStudioVersion = 10.0.40219.1
Project("{FAE04EC0-301F-11D3-BF4B-00C04F79EFBC}") = "ShiftByN", "ShiftByN\ShiftByN.csproj", "{B8DFC396-EF59-45AB-90DF-AACD60625E0D}"
EndProject
Global
	GlobalSection(SolutionConfigurationPlatforms) = preSolution
		Debug|Any CPU = Debug|Any CPU
		Release|Any CPU = Release|Any CPU
	EndGlobalSection
	GlobalSection(ProjectConfigurationPlatforms) = postSolution
		{B8DFC396-EF59-45AB-90DF-AACD60625E0D}.Debug|Any CPU.ActiveCfg = Debug|Any CPU
		{B8DFC396-EF59-45AB-90DF-AACD60625E0D}.Debug|Any CPU.Build.0 = Debug|Any CPU
		{B8DFC396-EF59-45AB-90DF-AACD60625E0D}.Release|Any CPU.ActiveCfg = Release|Any CPU
		{B8DFC396-EF59-45AB-90DF-AACD60625E0D}.Release|Any CPU.Build.0 = Release|Any CPU
	EndGlobalSection
	GlobalSection(SolutionProperties) = preSolution
		HideSolutionNode = FALSE
	EndGlobalSection
	GlobalSection(ExtensibilityGlobals) = postSolution
		SolutionGuid = {44E9E39E-950C-4B06-9459-14773D3DD5F8}
	EndGlobalSection
EndGlobal
