
Microsoft Visual Studio Solution File, Format Version 12.00
# Visual Studio Version 17
VisualStudioVersion = 17.3.32929.385
MinimumVisualStudioVersion = 10.0.40219.1
Project("{FAE04EC0-301F-11D3-BF4B-00C04F79EFBC}") = "Caesar1", "Caesar1\Caesar1.csproj", "{BFA77BB6-5DEA-446D-BC31-57F7D7861133}"
EndProject
Global
	GlobalSection(SolutionConfigurationPlatforms) = preSolution
		Debug|Any CPU = Debug|Any CPU
		Release|Any CPU = Release|Any CPU
	EndGlobalSection
	GlobalSection(ProjectConfigurationPlatforms) = postSolution
		{BFA77BB6-5DEA-446D-BC31-57F7D7861133}.Debug|Any CPU.ActiveCfg = Debug|Any CPU
		{BFA77BB6-5DEA-446D-BC31-57F7D7861133}.Debug|Any CPU.Build.0 = Debug|Any CPU
		{BFA77BB6-5DEA-446D-BC31-57F7D7861133}.Release|Any CPU.ActiveCfg = Release|Any CPU
		{BFA77BB6-5DEA-446D-BC31-57F7D7861133}.Release|Any CPU.Build.0 = Release|Any CPU
	EndGlobalSection
	GlobalSection(SolutionProperties) = preSolution
		HideSolutionNode = FALSE
	EndGlobalSection
	GlobalSection(ExtensibilityGlobals) = postSolution
		SolutionGuid = {A3BC9978-A3B6-4280-9B12-17BC8F526858}
	EndGlobalSection
EndGlobal
